// !$*UTF8*$!
{
	archiveVersion = 1;
	classes = {
	};
	objectVersion = 46;
	objects = {

/* Begin PBXBuildFile section */
		30C949AC1829561000B17666 /* FacebookSDK.framework in Frameworks */ = {isa = PBXBuildFile; fileRef = 30C949AB1829561000B17666 /* FacebookSDK.framework */; };
		30C949AE1829561800B17666 /* Parse.framework in Frameworks */ = {isa = PBXBuildFile; fileRef = 30C949AD1829561800B17666 /* Parse.framework */; };
		5289DD291969A26700A4B8FA /* AppDelegate.m in Sources */ = {isa = PBXBuildFile; fileRef = 5289DD0F1969A26700A4B8FA /* AppDelegate.m */; };
		5289DD2A1969A26700A4B8FA /* InfoPlist.strings in Resources */ = {isa = PBXBuildFile; fileRef = 5289DD111969A26700A4B8FA /* InfoPlist.strings */; };
		5289DD2B1969A26700A4B8FA /* Storyboard.storyboard in Resources */ = {isa = PBXBuildFile; fileRef = 5289DD131969A26700A4B8FA /* Storyboard.storyboard */; };
		5289DD2C1969A26700A4B8FA /* FriendCell.m in Sources */ = {isa = PBXBuildFile; fileRef = 5289DD161969A26700A4B8FA /* FriendCell.m */; };
		5289DD2D1969A26700A4B8FA /* FriendsTableViewController.m in Sources */ = {isa = PBXBuildFile; fileRef = 5289DD181969A26700A4B8FA /* FriendsTableViewController.m */; };
		5289DD371969A26700A4B8FA /* LoginViewController.m in Sources */ = {isa = PBXBuildFile; fileRef = 5289DD241969A26700A4B8FA /* LoginViewController.m */; };
		5289DD381969A26700A4B8FA /* main.m in Sources */ = {isa = PBXBuildFile; fileRef = 5289DD251969A26700A4B8FA /* main.m */; };
		5289DD391969A26700A4B8FA /* Zumara-Info.plist in Resources */ = {isa = PBXBuildFile; fileRef = 5289DD261969A26700A4B8FA /* Zumara-Info.plist */; };
		5289DD3A1969A26700A4B8FA /* fajr.caf in Resources */ = {isa = PBXBuildFile; fileRef = 5289DD281969A26700A4B8FA /* fajr.caf */; };
		52B5ADF91969AB93000522F6 /* Icon@2x.png in Resources */ = {isa = PBXBuildFile; fileRef = 52B5ADEF1969AB93000522F6 /* Icon@2x.png */; };
		52B5ADFA1969AB93000522F6 /* sign_button@2x.png in Resources */ = {isa = PBXBuildFile; fileRef = 52B5ADF01969AB93000522F6 /* sign_button@2x.png */; };
		52B5ADFB1969AB93000522F6 /* alarm_icon@2x.png in Resources */ = {isa = PBXBuildFile; fileRef = 52B5ADF11969AB93000522F6 /* alarm_icon@2x.png */; };
		52B5ADFC1969AB93000522F6 /* background-568h@2x.png in Resources */ = {isa = PBXBuildFile; fileRef = 52B5ADF21969AB93000522F6 /* background-568h@2x.png */; };
		52B5ADFD1969AB93000522F6 /* background@2x.png in Resources */ = {isa = PBXBuildFile; fileRef = 52B5ADF31969AB93000522F6 /* background@2x.png */; };
		52B5ADFE1969AB93000522F6 /* contact_bg@2x.png in Resources */ = {isa = PBXBuildFile; fileRef = 52B5ADF41969AB93000522F6 /* contact_bg@2x.png */; };
		52B5ADFF1969AB93000522F6 /* Default-568h@2x.png in Resources */ = {isa = PBXBuildFile; fileRef = 52B5ADF51969AB93000522F6 /* Default-568h@2x.png */; };
		52B5AE001969AB93000522F6 /* Default@2x.png in Resources */ = {isa = PBXBuildFile; fileRef = 52B5ADF61969AB93000522F6 /* Default@2x.png */; };
		52B5AE011969AB93000522F6 /* facebook_icon@2x.png in Resources */ = {isa = PBXBuildFile; fileRef = 52B5ADF71969AB93000522F6 /* facebook_icon@2x.png */; };
		52B5AE021969AB93000522F6 /* AppStoreIcon.png in Resources */ = {isa = PBXBuildFile; fileRef = 52B5ADF81969AB93000522F6 /* AppStoreIcon.png */; };
		52B9D693196C479E00F414AF /* Localizable.strings in Resources */ = {isa = PBXBuildFile; fileRef = 52B9D695196C479E00F414AF /* Localizable.strings */; };
		52B9D69A196D6CB400F414AF /* awake_icon@2x.png in Resources */ = {isa = PBXBuildFile; fileRef = 52B9D699196D6CB400F414AF /* awake_icon@2x.png */; };
		52B9D69D196DA70200F414AF /* AboutViewController.m in Sources */ = {isa = PBXBuildFile; fileRef = 52B9D69C196DA70200F414AF /* AboutViewController.m */; };
		52B9D6A0196EB14700F414AF /* Icon58.png in Resources */ = {isa = PBXBuildFile; fileRef = 52B9D69E196EB14700F414AF /* Icon58.png */; };
		52B9D6A1196EB14700F414AF /* Icon80.png in Resources */ = {isa = PBXBuildFile; fileRef = 52B9D69F196EB14700F414AF /* Icon80.png */; };
		52B9D6A4196EB5FD00F414AF /* about_facebook@2x.png in Resources */ = {isa = PBXBuildFile; fileRef = 52B9D6A2196EB5FD00F414AF /* about_facebook@2x.png */; };
		52B9D6A5196EB5FD00F414AF /* about_mail@2x.png in Resources */ = {isa = PBXBuildFile; fileRef = 52B9D6A3196EB5FD00F414AF /* about_mail@2x.png */; };
		52B9D6A7196EEC0A00F414AF /* MessageUI.framework in Frameworks */ = {isa = PBXBuildFile; fileRef = 52B9D6A6196EEC0A00F414AF /* MessageUI.framework */; };
		52B9D6A9196EEEA400F414AF /* about_close@2x.png in Resources */ = {isa = PBXBuildFile; fileRef = 52B9D6A8196EEEA400F414AF /* about_close@2x.png */; };
		6D10F48316DD68E000690A0F /* CoreLocation.framework in Frameworks */ = {isa = PBXBuildFile; fileRef = 6D10F48216DD68E000690A0F /* CoreLocation.framework */; };
		C425016D161BBAE400474BCD /* StoreKit.framework in Frameworks */ = {isa = PBXBuildFile; fileRef = C4250169161BBAE400474BCD /* StoreKit.framework */; };
		C4250170161BBAEE00474BCD /* libz.dylib in Frameworks */ = {isa = PBXBuildFile; fileRef = C425016F161BBAEE00474BCD /* libz.dylib */; };
		D4DA79EF14D3345A0055F672 /* UIKit.framework in Frameworks */ = {isa = PBXBuildFile; fileRef = D4DA79EE14D3345A0055F672 /* UIKit.framework */; };
		D4DA79F114D3345A0055F672 /* Foundation.framework in Frameworks */ = {isa = PBXBuildFile; fileRef = D4DA79F014D3345A0055F672 /* Foundation.framework */; };
		D4DA79F314D3345A0055F672 /* CoreGraphics.framework in Frameworks */ = {isa = PBXBuildFile; fileRef = D4DA79F214D3345A0055F672 /* CoreGraphics.framework */; };
		D4DA7A0E14D334F30055F672 /* AudioToolbox.framework in Frameworks */ = {isa = PBXBuildFile; fileRef = D4DA7A0714D334F30055F672 /* AudioToolbox.framework */; };
		D4DA7A0F14D334F30055F672 /* CFNetwork.framework in Frameworks */ = {isa = PBXBuildFile; fileRef = D4DA7A0814D334F30055F672 /* CFNetwork.framework */; };
		D4DA7A1114D334F30055F672 /* MobileCoreServices.framework in Frameworks */ = {isa = PBXBuildFile; fileRef = D4DA7A0A14D334F30055F672 /* MobileCoreServices.framework */; };
		D4DA7A1214D334F30055F672 /* QuartzCore.framework in Frameworks */ = {isa = PBXBuildFile; fileRef = D4DA7A0B14D334F30055F672 /* QuartzCore.framework */; };
		D4DA7A1314D334F30055F672 /* Security.framework in Frameworks */ = {isa = PBXBuildFile; fileRef = D4DA7A0C14D334F30055F672 /* Security.framework */; };
		D4DA7A1414D334F30055F672 /* SystemConfiguration.framework in Frameworks */ = {isa = PBXBuildFile; fileRef = D4DA7A0D14D334F30055F672 /* SystemConfiguration.framework */; };
/* End PBXBuildFile section */

/* Begin PBXFileReference section */
		30C949AB1829561000B17666 /* FacebookSDK.framework */ = {isa = PBXFileReference; lastKnownFileType = wrapper.framework; path = FacebookSDK.framework; sourceTree = "<group>"; };
		30C949AD1829561800B17666 /* Parse.framework */ = {isa = PBXFileReference; lastKnownFileType = wrapper.framework; path = Parse.framework; sourceTree = "<group>"; };
		5289DD0E1969A26700A4B8FA /* AppDelegate.h */ = {isa = PBXFileReference; fileEncoding = 4; lastKnownFileType = sourcecode.c.h; path = AppDelegate.h; sourceTree = "<group>"; };
		5289DD0F1969A26700A4B8FA /* AppDelegate.m */ = {isa = PBXFileReference; fileEncoding = 4; lastKnownFileType = sourcecode.c.objc; path = AppDelegate.m; sourceTree = "<group>"; };
		5289DD101969A26700A4B8FA /* Constants.h */ = {isa = PBXFileReference; fileEncoding = 4; lastKnownFileType = sourcecode.c.h; path = Constants.h; sourceTree = "<group>"; };
		5289DD121969A26700A4B8FA /* en */ = {isa = PBXFileReference; lastKnownFileType = text.plist.strings; name = en; path = en.lproj/InfoPlist.strings; sourceTree = "<group>"; };
		5289DD141969A26700A4B8FA /* en */ = {isa = PBXFileReference; lastKnownFileType = file.storyboard; name = en; path = en.lproj/Storyboard.storyboard; sourceTree = "<group>"; };
		5289DD151969A26700A4B8FA /* FriendCell.h */ = {isa = PBXFileReference; fileEncoding = 4; lastKnownFileType = sourcecode.c.h; path = FriendCell.h; sourceTree = "<group>"; };
		5289DD161969A26700A4B8FA /* FriendCell.m */ = {isa = PBXFileReference; fileEncoding = 4; lastKnownFileType = sourcecode.c.objc; path = FriendCell.m; sourceTree = "<group>"; };
		5289DD171969A26700A4B8FA /* FriendsTableViewController.h */ = {isa = PBXFileReference; fileEncoding = 4; lastKnownFileType = sourcecode.c.h; path = FriendsTableViewController.h; sourceTree = "<group>"; };
		5289DD181969A26700A4B8FA /* FriendsTableViewController.m */ = {isa = PBXFileReference; fileEncoding = 4; lastKnownFileType = sourcecode.c.objc; path = FriendsTableViewController.m; sourceTree = "<group>"; };
		5289DD231969A26700A4B8FA /* LoginViewController.h */ = {isa = PBXFileReference; fileEncoding = 4; lastKnownFileType = sourcecode.c.h; path = LoginViewController.h; sourceTree = "<group>"; };
		5289DD241969A26700A4B8FA /* LoginViewController.m */ = {isa = PBXFileReference; fileEncoding = 4; lastKnownFileType = sourcecode.c.objc; path = LoginViewController.m; sourceTree = "<group>"; };
		5289DD251969A26700A4B8FA /* main.m */ = {isa = PBXFileReference; fileEncoding = 4; lastKnownFileType = sourcecode.c.objc; path = main.m; sourceTree = "<group>"; };
		5289DD261969A26700A4B8FA /* Zumara-Info.plist */ = {isa = PBXFileReference; fileEncoding = 4; lastKnownFileType = text.plist.xml; path = "Zumara-Info.plist"; sourceTree = "<group>"; };
		5289DD271969A26700A4B8FA /* Zumara-Prefix.pch */ = {isa = PBXFileReference; fileEncoding = 4; lastKnownFileType = sourcecode.c.h; path = "Zumara-Prefix.pch"; sourceTree = "<group>"; };
		5289DD281969A26700A4B8FA /* fajr.caf */ = {isa = PBXFileReference; lastKnownFileType = file; path = fajr.caf; sourceTree = "<group>"; };
		52B5ADEF1969AB93000522F6 /* Icon@2x.png */ = {isa = PBXFileReference; lastKnownFileType = image.png; path = "Icon@2x.png"; sourceTree = "<group>"; };
		52B5ADF01969AB93000522F6 /* sign_button@2x.png */ = {isa = PBXFileReference; lastKnownFileType = image.png; path = "sign_button@2x.png"; sourceTree = "<group>"; };
		52B5ADF11969AB93000522F6 /* alarm_icon@2x.png */ = {isa = PBXFileReference; lastKnownFileType = image.png; path = "alarm_icon@2x.png"; sourceTree = "<group>"; };
		52B5ADF21969AB93000522F6 /* background-568h@2x.png */ = {isa = PBXFileReference; lastKnownFileType = image.png; path = "background-568h@2x.png"; sourceTree = "<group>"; };
		52B5ADF31969AB93000522F6 /* background@2x.png */ = {isa = PBXFileReference; lastKnownFileType = image.png; path = "background@2x.png"; sourceTree = "<group>"; };
		52B5ADF41969AB93000522F6 /* contact_bg@2x.png */ = {isa = PBXFileReference; lastKnownFileType = image.png; path = "contact_bg@2x.png"; sourceTree = "<group>"; };
		52B5ADF51969AB93000522F6 /* Default-568h@2x.png */ = {isa = PBXFileReference; lastKnownFileType = image.png; path = "Default-568h@2x.png"; sourceTree = "<group>"; };
		52B5ADF61969AB93000522F6 /* Default@2x.png */ = {isa = PBXFileReference; lastKnownFileType = image.png; path = "Default@2x.png"; sourceTree = "<group>"; };
		52B5ADF71969AB93000522F6 /* facebook_icon@2x.png */ = {isa = PBXFileReference; lastKnownFileType = image.png; path = "facebook_icon@2x.png"; sourceTree = "<group>"; };
		52B5ADF81969AB93000522F6 /* AppStoreIcon.png */ = {isa = PBXFileReference; lastKnownFileType = image.png; path = AppStoreIcon.png; sourceTree = "<group>"; };
		52B9D691196C475B00F414AF /* ar */ = {isa = PBXFileReference; lastKnownFileType = text.plist.strings; name = ar; path = ar.lproj/InfoPlist.strings; sourceTree = "<group>"; };
		52B9D692196C475B00F414AF /* ar */ = {isa = PBXFileReference; lastKnownFileType = file.storyboard; name = ar; path = ar.lproj/Storyboard.storyboard; sourceTree = "<group>"; };
		52B9D694196C479E00F414AF /* ar */ = {isa = PBXFileReference; lastKnownFileType = text.plist.strings; name = ar; path = ar.lproj/Localizable.strings; sourceTree = "<group>"; };
		52B9D696196C47A300F414AF /* en */ = {isa = PBXFileReference; lastKnownFileType = text.plist.strings; name = en; path = en.lproj/Localizable.strings; sourceTree = "<group>"; };
		52B9D699196D6CB400F414AF /* awake_icon@2x.png */ = {isa = PBXFileReference; lastKnownFileType = image.png; path = "awake_icon@2x.png"; sourceTree = "<group>"; };
		52B9D69B196DA70200F414AF /* AboutViewController.h */ = {isa = PBXFileReference; fileEncoding = 4; lastKnownFileType = sourcecode.c.h; path = AboutViewController.h; sourceTree = "<group>"; };
		52B9D69C196DA70200F414AF /* AboutViewController.m */ = {isa = PBXFileReference; fileEncoding = 4; lastKnownFileType = sourcecode.c.objc; path = AboutViewController.m; sourceTree = "<group>"; };
		52B9D69E196EB14700F414AF /* Icon58.png */ = {isa = PBXFileReference; lastKnownFileType = image.png; path = Icon58.png; sourceTree = "<group>"; };
		52B9D69F196EB14700F414AF /* Icon80.png */ = {isa = PBXFileReference; lastKnownFileType = image.png; path = Icon80.png; sourceTree = "<group>"; };
		52B9D6A2196EB5FD00F414AF /* about_facebook@2x.png */ = {isa = PBXFileReference; lastKnownFileType = image.png; path = "about_facebook@2x.png"; sourceTree = "<group>"; };
		52B9D6A3196EB5FD00F414AF /* about_mail@2x.png */ = {isa = PBXFileReference; lastKnownFileType = image.png; path = "about_mail@2x.png"; sourceTree = "<group>"; };
		52B9D6A6196EEC0A00F414AF /* MessageUI.framework */ = {isa = PBXFileReference; lastKnownFileType = wrapper.framework; name = MessageUI.framework; path = System/Library/Frameworks/MessageUI.framework; sourceTree = SDKROOT; };
		52B9D6A8196EEEA400F414AF /* about_close@2x.png */ = {isa = PBXFileReference; lastKnownFileType = image.png; path = "about_close@2x.png"; sourceTree = "<group>"; };
		6D10F48216DD68E000690A0F /* CoreLocation.framework */ = {isa = PBXFileReference; lastKnownFileType = wrapper.framework; name = CoreLocation.framework; path = System/Library/Frameworks/CoreLocation.framework; sourceTree = SDKROOT; };
		C4250169161BBAE400474BCD /* StoreKit.framework */ = {isa = PBXFileReference; lastKnownFileType = wrapper.framework; name = StoreKit.framework; path = System/Library/Frameworks/StoreKit.framework; sourceTree = SDKROOT; };
		C425016F161BBAEE00474BCD /* libz.dylib */ = {isa = PBXFileReference; lastKnownFileType = "compiled.mach-o.dylib"; name = libz.dylib; path = usr/lib/libz.dylib; sourceTree = SDKROOT; };
		D4DA79EA14D3345A0055F672 /* Zumara.app */ = {isa = PBXFileReference; explicitFileType = wrapper.application; includeInIndex = 0; path = Zumara.app; sourceTree = BUILT_PRODUCTS_DIR; };
		D4DA79EE14D3345A0055F672 /* UIKit.framework */ = {isa = PBXFileReference; lastKnownFileType = wrapper.framework; name = UIKit.framework; path = System/Library/Frameworks/UIKit.framework; sourceTree = SDKROOT; };
		D4DA79F014D3345A0055F672 /* Foundation.framework */ = {isa = PBXFileReference; lastKnownFileType = wrapper.framework; name = Foundation.framework; path = System/Library/Frameworks/Foundation.framework; sourceTree = SDKROOT; };
		D4DA79F214D3345A0055F672 /* CoreGraphics.framework */ = {isa = PBXFileReference; lastKnownFileType = wrapper.framework; name = CoreGraphics.framework; path = System/Library/Frameworks/CoreGraphics.framework; sourceTree = SDKROOT; };
		D4DA7A0714D334F30055F672 /* AudioToolbox.framework */ = {isa = PBXFileReference; lastKnownFileType = wrapper.framework; name = AudioToolbox.framework; path = System/Library/Frameworks/AudioToolbox.framework; sourceTree = SDKROOT; };
		D4DA7A0814D334F30055F672 /* CFNetwork.framework */ = {isa = PBXFileReference; lastKnownFileType = wrapper.framework; name = CFNetwork.framework; path = System/Library/Frameworks/CFNetwork.framework; sourceTree = SDKROOT; };
		D4DA7A0A14D334F30055F672 /* MobileCoreServices.framework */ = {isa = PBXFileReference; lastKnownFileType = wrapper.framework; name = MobileCoreServices.framework; path = System/Library/Frameworks/MobileCoreServices.framework; sourceTree = SDKROOT; };
		D4DA7A0B14D334F30055F672 /* QuartzCore.framework */ = {isa = PBXFileReference; lastKnownFileType = wrapper.framework; name = QuartzCore.framework; path = System/Library/Frameworks/QuartzCore.framework; sourceTree = SDKROOT; };
		D4DA7A0C14D334F30055F672 /* Security.framework */ = {isa = PBXFileReference; lastKnownFileType = wrapper.framework; name = Security.framework; path = System/Library/Frameworks/Security.framework; sourceTree = SDKROOT; };
		D4DA7A0D14D334F30055F672 /* SystemConfiguration.framework */ = {isa = PBXFileReference; lastKnownFileType = wrapper.framework; name = SystemConfiguration.framework; path = System/Library/Frameworks/SystemConfiguration.framework; sourceTree = SDKROOT; };
/* End PBXFileReference section */

/* Begin PBXFrameworksBuildPhase section */
		D4DA79E714D3345A0055F672 /* Frameworks */ = {
			isa = PBXFrameworksBuildPhase;
			buildActionMask = 2147483647;
			files = (
				52B9D6A7196EEC0A00F414AF /* MessageUI.framework in Frameworks */,
				C425016D161BBAE400474BCD /* StoreKit.framework in Frameworks */,
				6D10F48316DD68E000690A0F /* CoreLocation.framework in Frameworks */,
				C4250170161BBAEE00474BCD /* libz.dylib in Frameworks */,
				D4DA7A0E14D334F30055F672 /* AudioToolbox.framework in Frameworks */,
				D4DA7A0F14D334F30055F672 /* CFNetwork.framework in Frameworks */,
				D4DA7A1114D334F30055F672 /* MobileCoreServices.framework in Frameworks */,
				D4DA7A1214D334F30055F672 /* QuartzCore.framework in Frameworks */,
				D4DA7A1314D334F30055F672 /* Security.framework in Frameworks */,
				30C949AC1829561000B17666 /* FacebookSDK.framework in Frameworks */,
				D4DA7A1414D334F30055F672 /* SystemConfiguration.framework in Frameworks */,
				30C949AE1829561800B17666 /* Parse.framework in Frameworks */,
				D4DA79EF14D3345A0055F672 /* UIKit.framework in Frameworks */,
				D4DA79F114D3345A0055F672 /* Foundation.framework in Frameworks */,
				D4DA79F314D3345A0055F672 /* CoreGraphics.framework in Frameworks */,
			);
			runOnlyForDeploymentPostprocessing = 0;
		};
/* End PBXFrameworksBuildPhase section */

/* Begin PBXGroup section */
		5289DD0D1969A26700A4B8FA /* Zumara */ = {
			isa = PBXGroup;
			children = (
				5289DD101969A26700A4B8FA /* Constants.h */,
				5289DD0E1969A26700A4B8FA /* AppDelegate.h */,
				5289DD0F1969A26700A4B8FA /* AppDelegate.m */,
				5289DD231969A26700A4B8FA /* LoginViewController.h */,
				5289DD241969A26700A4B8FA /* LoginViewController.m */,
				52B9D69B196DA70200F414AF /* AboutViewController.h */,
				52B9D69C196DA70200F414AF /* AboutViewController.m */,
				5289DD151969A26700A4B8FA /* FriendCell.h */,
				5289DD161969A26700A4B8FA /* FriendCell.m */,
				5289DD171969A26700A4B8FA /* FriendsTableViewController.h */,
				5289DD181969A26700A4B8FA /* FriendsTableViewController.m */,
				52B9D695196C479E00F414AF /* Localizable.strings */,
				5289DD111969A26700A4B8FA /* InfoPlist.strings */,
				5289DD131969A26700A4B8FA /* Storyboard.storyboard */,
				5289DD191969A26700A4B8FA /* Graphics */,
				5289DD251969A26700A4B8FA /* main.m */,
				5289DD261969A26700A4B8FA /* Zumara-Info.plist */,
				5289DD271969A26700A4B8FA /* Zumara-Prefix.pch */,
			);
			path = Zumara;
			sourceTree = "<group>";
		};
		5289DD191969A26700A4B8FA /* Graphics */ = {
			isa = PBXGroup;
			children = (
				52B5ADEF1969AB93000522F6 /* Icon@2x.png */,
				52B9D6A8196EEEA400F414AF /* about_close@2x.png */,
				52B9D6A2196EB5FD00F414AF /* about_facebook@2x.png */,
				52B9D6A3196EB5FD00F414AF /* about_mail@2x.png */,
				52B9D69E196EB14700F414AF /* Icon58.png */,
				52B9D69F196EB14700F414AF /* Icon80.png */,
				52B9D699196D6CB400F414AF /* awake_icon@2x.png */,
				52B5ADF01969AB93000522F6 /* sign_button@2x.png */,
				52B5ADF11969AB93000522F6 /* alarm_icon@2x.png */,
				52B5ADF21969AB93000522F6 /* background-568h@2x.png */,
				52B5ADF31969AB93000522F6 /* background@2x.png */,
				52B5ADF41969AB93000522F6 /* contact_bg@2x.png */,
				52B5ADF51969AB93000522F6 /* Default-568h@2x.png */,
				52B5ADF61969AB93000522F6 /* Default@2x.png */,
				52B5ADF71969AB93000522F6 /* facebook_icon@2x.png */,
				52B5ADF81969AB93000522F6 /* AppStoreIcon.png */,
			);
			path = Graphics;
			sourceTree = "<group>";
		};
		D4DA79DF14D3345A0055F672 = {
			isa = PBXGroup;
			children = (
				5289DD0D1969A26700A4B8FA /* Zumara */,
				5289DD281969A26700A4B8FA /* fajr.caf */,
				D4DA79ED14D3345A0055F672 /* Frameworks */,
				D4DA79EB14D3345A0055F672 /* Products */,
			);
			sourceTree = "<group>";
		};
		D4DA79EB14D3345A0055F672 /* Products */ = {
			isa = PBXGroup;
			children = (
				D4DA79EA14D3345A0055F672 /* Zumara.app */,
			);
			name = Products;
			sourceTree = "<group>";
		};
		D4DA79ED14D3345A0055F672 /* Frameworks */ = {
			isa = PBXGroup;
			children = (
				52B9D6A6196EEC0A00F414AF /* MessageUI.framework */,
				30C949AD1829561800B17666 /* Parse.framework */,
				30C949AB1829561000B17666 /* FacebookSDK.framework */,
				6D10F48216DD68E000690A0F /* CoreLocation.framework */,
				D4DA7A0714D334F30055F672 /* AudioToolbox.framework */,
				D4DA7A0814D334F30055F672 /* CFNetwork.framework */,
				D4DA79F214D3345A0055F672 /* CoreGraphics.framework */,
				D4DA79F014D3345A0055F672 /* Foundation.framework */,
				C425016F161BBAEE00474BCD /* libz.dylib */,
				D4DA7A0A14D334F30055F672 /* MobileCoreServices.framework */,
				D4DA7A0B14D334F30055F672 /* QuartzCore.framework */,
				D4DA7A0C14D334F30055F672 /* Security.framework */,
				C4250169161BBAE400474BCD /* StoreKit.framework */,
				D4DA7A0D14D334F30055F672 /* SystemConfiguration.framework */,
				D4DA79EE14D3345A0055F672 /* UIKit.framework */,
			);
			name = Frameworks;
			sourceTree = "<group>";
		};
/* End PBXGroup section */

/* Begin PBXNativeTarget section */
		D4DA79E914D3345A0055F672 /* Zumara */ = {
			isa = PBXNativeTarget;
			buildConfigurationList = D4DA7A0214D3345A0055F672 /* Build configuration list for PBXNativeTarget "Zumara" */;
			buildPhases = (
				D4DA79E614D3345A0055F672 /* Sources */,
				D4DA79E714D3345A0055F672 /* Frameworks */,
				D4DA79E814D3345A0055F672 /* Resources */,
			);
			buildRules = (
			);
			dependencies = (
			);
			name = Zumara;
			productName = IntegratingFacebookTutorial;
			productReference = D4DA79EA14D3345A0055F672 /* Zumara.app */;
			productType = "com.apple.product-type.application";
		};
/* End PBXNativeTarget section */

/* Begin PBXProject section */
		D4DA79E114D3345A0055F672 /* Project object */ = {
			isa = PBXProject;
			attributes = {
				LastUpgradeCheck = 0510;
			};
			buildConfigurationList = D4DA79E414D3345A0055F672 /* Build configuration list for PBXProject "Zumara" */;
			compatibilityVersion = "Xcode 3.2";
			developmentRegion = English;
			hasScannedForEncodings = 0;
			knownRegions = (
				en,
				ar,
			);
			mainGroup = D4DA79DF14D3345A0055F672;
			productRefGroup = D4DA79EB14D3345A0055F672 /* Products */;
			projectDirPath = "";
			projectRoot = "";
			targets = (
				D4DA79E914D3345A0055F672 /* Zumara */,
			);
		};
/* End PBXProject section */

/* Begin PBXResourcesBuildPhase section */
		D4DA79E814D3345A0055F672 /* Resources */ = {
			isa = PBXResourcesBuildPhase;
			buildActionMask = 2147483647;
			files = (
				52B5AE001969AB93000522F6 /* Default@2x.png in Resources */,
				5289DD2A1969A26700A4B8FA /* InfoPlist.strings in Resources */,
				52B5AE021969AB93000522F6 /* AppStoreIcon.png in Resources */,
				52B5ADFF1969AB93000522F6 /* Default-568h@2x.png in Resources */,
				5289DD391969A26700A4B8FA /* Zumara-Info.plist in Resources */,
				52B9D6A4196EB5FD00F414AF /* about_facebook@2x.png in Resources */,
				5289DD2B1969A26700A4B8FA /* Storyboard.storyboard in Resources */,
				52B9D6A5196EB5FD00F414AF /* about_mail@2x.png in Resources */,
				52B5ADFC1969AB93000522F6 /* background-568h@2x.png in Resources */,
				52B5ADFA1969AB93000522F6 /* sign_button@2x.png in Resources */,
				52B5AE011969AB93000522F6 /* facebook_icon@2x.png in Resources */,
				52B5ADFB1969AB93000522F6 /* alarm_icon@2x.png in Resources */,
				5289DD3A1969A26700A4B8FA /* fajr.caf in Resources */,
				52B9D6A0196EB14700F414AF /* Icon58.png in Resources */,
				52B9D6A1196EB14700F414AF /* Icon80.png in Resources */,
				52B5ADFD1969AB93000522F6 /* background@2x.png in Resources */,
				52B9D6A9196EEEA400F414AF /* about_close@2x.png in Resources */,
				52B9D693196C479E00F414AF /* Localizable.strings in Resources */,
				52B5ADFE1969AB93000522F6 /* contact_bg@2x.png in Resources */,
				52B5ADF91969AB93000522F6 /* Icon@2x.png in Resources */,
				52B9D69A196D6CB400F414AF /* awake_icon@2x.png in Resources */,
			);
			runOnlyForDeploymentPostprocessing = 0;
		};
/* End PBXResourcesBuildPhase section */

/* Begin PBXSourcesBuildPhase section */
		D4DA79E614D3345A0055F672 /* Sources */ = {
			isa = PBXSourcesBuildPhase;
			buildActionMask = 2147483647;
			files = (
				52B9D69D196DA70200F414AF /* AboutViewController.m in Sources */,
				5289DD381969A26700A4B8FA /* main.m in Sources */,
				5289DD371969A26700A4B8FA /* LoginViewController.m in Sources */,
				5289DD2D1969A26700A4B8FA /* FriendsTableViewController.m in Sources */,
				5289DD291969A26700A4B8FA /* AppDelegate.m in Sources */,
				5289DD2C1969A26700A4B8FA /* FriendCell.m in Sources */,
			);
			runOnlyForDeploymentPostprocessing = 0;
		};
/* End PBXSourcesBuildPhase section */

/* Begin PBXVariantGroup section */
		5289DD111969A26700A4B8FA /* InfoPlist.strings */ = {
			isa = PBXVariantGroup;
			children = (
				5289DD121969A26700A4B8FA /* en */,
				52B9D691196C475B00F414AF /* ar */,
			);
			name = InfoPlist.strings;
			sourceTree = "<group>";
		};
		5289DD131969A26700A4B8FA /* Storyboard.storyboard */ = {
			isa = PBXVariantGroup;
			children = (
				5289DD141969A26700A4B8FA /* en */,
				52B9D692196C475B00F414AF /* ar */,
			);
			name = Storyboard.storyboard;
			sourceTree = "<group>";
		};
		52B9D695196C479E00F414AF /* Localizable.strings */ = {
			isa = PBXVariantGroup;
			children = (
				52B9D694196C479E00F414AF /* ar */,
				52B9D696196C47A300F414AF /* en */,
			);
			name = Localizable.strings;
			sourceTree = "<group>";
		};
/* End PBXVariantGroup section */

/* Begin XCBuildConfiguration section */
		D4DA7A0014D3345A0055F672 /* Debug */ = {
			isa = XCBuildConfiguration;
			buildSettings = {
				ALWAYS_SEARCH_USER_PATHS = NO;
				CLANG_ENABLE_OBJC_ARC = YES;
				CLANG_WARN_BOOL_CONVERSION = YES;
				CLANG_WARN_CONSTANT_CONVERSION = YES;
				CLANG_WARN_EMPTY_BODY = YES;
				CLANG_WARN_ENUM_CONVERSION = YES;
				CLANG_WARN_INT_CONVERSION = YES;
				CLANG_WARN__DUPLICATE_METHOD_MATCH = YES;
				CODE_SIGN_IDENTITY = "iPhone Developer: Muhammad Nasr (JUAK6XJCUF)";
				"CODE_SIGN_IDENTITY[sdk=iphoneos*]" = "iPhone Developer: Muhammad Nasr (JUAK6XJCUF)";
				COPY_PHASE_STRIP = NO;
				GCC_C_LANGUAGE_STANDARD = gnu99;
				GCC_DYNAMIC_NO_PIC = NO;
				GCC_OPTIMIZATION_LEVEL = 0;
				GCC_PREPROCESSOR_DEFINITIONS = (
					"DEBUG=1",
					"$(inherited)",
				);
				GCC_SYMBOLS_PRIVATE_EXTERN = NO;
				GCC_VERSION = com.apple.compilers.llvm.clang.1_0;
				GCC_WARN_64_TO_32_BIT_CONVERSION = YES;
				GCC_WARN_ABOUT_MISSING_PROTOTYPES = YES;
				GCC_WARN_ABOUT_RETURN_TYPE = YES;
				GCC_WARN_UNDECLARED_SELECTOR = YES;
				GCC_WARN_UNINITIALIZED_AUTOS = YES;
				GCC_WARN_UNUSED_FUNCTION = YES;
				GCC_WARN_UNUSED_VARIABLE = YES;
				IPHONEOS_DEPLOYMENT_TARGET = 7.0;
				ONLY_ACTIVE_ARCH = YES;
				PROVISIONING_PROFILE = "E51781D7-6655-497D-B52F-B1F9C17C81ED";
				SDKROOT = iphoneos;
			};
			name = Debug;
		};
		D4DA7A0114D3345A0055F672 /* Release */ = {
			isa = XCBuildConfiguration;
			buildSettings = {
				ALWAYS_SEARCH_USER_PATHS = NO;
				CLANG_ENABLE_OBJC_ARC = YES;
				CLANG_WARN_BOOL_CONVERSION = YES;
				CLANG_WARN_CONSTANT_CONVERSION = YES;
				CLANG_WARN_EMPTY_BODY = YES;
				CLANG_WARN_ENUM_CONVERSION = YES;
				CLANG_WARN_INT_CONVERSION = YES;
				CLANG_WARN__DUPLICATE_METHOD_MATCH = YES;
				CODE_SIGN_IDENTITY = "iPhone Developer: Muhammad Nasr (JUAK6XJCUF)";
				"CODE_SIGN_IDENTITY[sdk=iphoneos*]" = "iPhone Developer: Muhammad Nasr (JUAK6XJCUF)";
				COPY_PHASE_STRIP = YES;
				GCC_C_LANGUAGE_STANDARD = gnu99;
				GCC_VERSION = com.apple.compilers.llvm.clang.1_0;
				GCC_WARN_64_TO_32_BIT_CONVERSION = YES;
				GCC_WARN_ABOUT_MISSING_PROTOTYPES = YES;
				GCC_WARN_ABOUT_RETURN_TYPE = YES;
				GCC_WARN_UNDECLARED_SELECTOR = YES;
				GCC_WARN_UNINITIALIZED_AUTOS = YES;
				GCC_WARN_UNUSED_FUNCTION = YES;
				GCC_WARN_UNUSED_VARIABLE = YES;
				IPHONEOS_DEPLOYMENT_TARGET = 7.0;
				OTHER_CFLAGS = "-DNS_BLOCK_ASSERTIONS=1";
				PROVISIONING_PROFILE = "E51781D7-6655-497D-B52F-B1F9C17C81ED";
				SDKROOT = iphoneos;
				VALIDATE_PRODUCT = YES;
			};
			name = Release;
		};
		D4DA7A0314D3345A0055F672 /* Debug */ = {
			isa = XCBuildConfiguration;
			buildSettings = {
				CODE_SIGN_IDENTITY = "iPhone Developer: Muhammad Nasr (JUAK6XJCUF)";
				FRAMEWORK_SEARCH_PATHS = (
					"$(inherited)",
					"$(SRCROOT)",
				);
				GCC_PRECOMPILE_PREFIX_HEADER = YES;
				GCC_PREFIX_HEADER = "Zumara/Zumara-Prefix.pch";
				INFOPLIST_FILE = "Zumara/Zumara-Info.plist";
				OTHER_LDFLAGS = (
					"-lsqlite3.0",
					"-ObjC",
				);
				PRODUCT_NAME = Zumara;
				PROVISIONING_PROFILE = "E51781D7-6655-497D-B52F-B1F9C17C81ED";
				WRAPPER_EXTENSION = app;
			};
			name = Debug;
		};
		D4DA7A0414D3345A0055F672 /* Release */ = {
			isa = XCBuildConfiguration;
			buildSettings = {
				CODE_SIGN_IDENTITY = "iPhone Developer: Muhammad Nasr (JUAK6XJCUF)";
				FRAMEWORK_SEARCH_PATHS = (
					"$(inherited)",
					"$(SRCROOT)",
				);
				GCC_PRECOMPILE_PREFIX_HEADER = YES;
				GCC_PREFIX_HEADER = "Zumara/Zumara-Prefix.pch";
				INFOPLIST_FILE = "Zumara/Zumara-Info.plist";
				OTHER_LDFLAGS = (
					"-lsqlite3.0",
					"-ObjC",
				);
				PRODUCT_NAME = Zumara;
				PROVISIONING_PROFILE = "E51781D7-6655-497D-B52F-B1F9C17C81ED";
				WRAPPER_EXTENSION = app;
			};
			name = Release;
		};
/* End XCBuildConfiguration section */

/* Begin XCConfigurationList section */
		D4DA79E414D3345A0055F672 /* Build configuration list for PBXProject "Zumara" */ = {
			isa = XCConfigurationList;
			buildConfigurations = (
				D4DA7A0014D3345A0055F672 /* Debug */,
				D4DA7A0114D3345A0055F672 /* Release */,
			);
			defaultConfigurationIsVisible = 0;
			defaultConfigurationName = Release;
		};
		D4DA7A0214D3345A0055F672 /* Build configuration list for PBXNativeTarget "Zumara" */ = {
			isa = XCConfigurationList;
			buildConfigurations = (
				D4DA7A0314D3345A0055F672 /* Debug */,
				D4DA7A0414D3345A0055F672 /* Release */,
			);
			defaultConfigurationIsVisible = 0;
			defaultConfigurationName = Release;
		};
/* End XCConfigurationList section */
	};
	rootObject = D4DA79E114D3345A0055F672 /* Project object */;
}
